
Microsoft Visual Studio Solution File, Format Version 12.00
# Visual Studio Version 16
VisualStudioVersion = 16.0.31321.278
MinimumVisualStudioVersion = 10.0.40219.1
Project("{FAE04EC0-301F-11D3-BF4B-00C04F79EFBC}") = "PracticaEnTeorica2907", "PracticaEnTeorica2907\PracticaEnTeorica2907.csproj", "{360360EF-B079-444E-A78D-0EBFD25658DF}"
EndProject
Project("{FAE04EC0-301F-11D3-BF4B-00C04F79EFBC}") = "ClasePractica3007", "ClasePractica3007\ClasePractica3007.csproj", "{55E728D7-5D65-4A55-8C27-B4C3D1E279A8}"
EndProject
Global
	GlobalSection(SolutionConfigurationPlatforms) = preSolution
		Debug|Any CPU = Debug|Any CPU
		Release|Any CPU = Release|Any CPU
	EndGlobalSection
	GlobalSection(ProjectConfigurationPlatforms) = postSolution
		{360360EF-B079-444E-A78D-0EBFD25658DF}.Debug|Any CPU.ActiveCfg = Debug|Any CPU
		{360360EF-B079-444E-A78D-0EBFD25658DF}.Debug|Any CPU.Build.0 = Debug|Any CPU
		{360360EF-B079-444E-A78D-0EBFD25658DF}.Release|Any CPU.ActiveCfg = Release|Any CPU
		{360360EF-B079-444E-A78D-0EBFD25658DF}.Release|Any CPU.Build.0 = Release|Any CPU
		{55E728D7-5D65-4A55-8C27-B4C3D1E279A8}.Debug|Any CPU.ActiveCfg = Debug|Any CPU
		{55E728D7-5D65-4A55-8C27-B4C3D1E279A8}.Debug|Any CPU.Build.0 = Debug|Any CPU
		{55E728D7-5D65-4A55-8C27-B4C3D1E279A8}.Release|Any CPU.ActiveCfg = Release|Any CPU
		{55E728D7-5D65-4A55-8C27-B4C3D1E279A8}.Release|Any CPU.Build.0 = Release|Any CPU
	EndGlobalSection
	GlobalSection(SolutionProperties) = preSolution
		HideSolutionNode = FALSE
	EndGlobalSection
	GlobalSection(ExtensibilityGlobals) = postSolution
		SolutionGuid = {5BF6FCF3-7962-46C1-99F5-E1A8ABA8DD40}
	EndGlobalSection
EndGlobal
